<?xml version="1.0" encoding="UTF-8"?>
<!DOCTYPE plist PUBLIC "-//Apple//DTD PLIST 1.0//EN" "http://www.apple.com/DTDs/PropertyList-1.0.dtd">
<plist version="1.0">
<dict>
	<key>archiveVersion</key>
	<string>1</string>
	<key>classes</key>
	<dict/>
	<key>objectVersion</key>
	<string>46</string>
	<key>objects</key>
	<dict>
		<key>1410D9E258FEB8605201BA28</key>
		<dict>
			<key>children</key>
			<array>
				<string>9DD10659BB5316AA537E0B54</string>
			</array>
			<key>isa</key>
			<string>PBXGroup</string>
			<key>name</key>
			<string>Frameworks</string>
			<key>sourceTree</key>
			<string>&lt;group&gt;</string>
		</dict>
		<key>281C97F59D476A6731D49CAA</key>
		<dict>
			<key>buildActionMask</key>
			<string>2147483647</string>
			<key>files</key>
			<array/>
			<key>inputPaths</key>
			<array/>
			<key>isa</key>
			<string>PBXShellScriptBuildPhase</string>
			<key>name</key>
			<string>Check Pods Manifest.lock</string>
			<key>outputPaths</key>
			<array/>
			<key>runOnlyForDeploymentPostprocessing</key>
			<string>0</string>
			<key>shellPath</key>
			<string>/bin/sh</string>
			<key>shellScript</key>
			<string>diff "${PODS_ROOT}/../Podfile.lock" "${PODS_ROOT}/Manifest.lock" &gt; /dev/null
if [[ $? != 0 ]] ; then
    cat &lt;&lt; EOM
error: The sandbox is not in sync with the Podfile.lock. Run 'pod install' or update your CocoaPods installation.
EOM
    exit 1
fi
</string>
			<key>showEnvVarsInLog</key>
			<string>0</string>
		</dict>
		<key>2A4F1E1E9C819E0EF918F90A</key>
		<dict>
			<key>children</key>
			<array>
				<string>BF42A6E4429CF801BFA1819D</string>
				<string>44E5B82C5FA1522B4CC3C606</string>
			</array>
			<key>isa</key>
			<string>PBXGroup</string>
			<key>name</key>
			<string>Pods</string>
			<key>sourceTree</key>
			<string>&lt;group&gt;</string>
		</dict>
		<key>373A3036302F464F37F64A62</key>
		<dict>
			<key>buildActionMask</key>
			<string>2147483647</string>
			<key>files</key>
			<array/>
			<key>inputPaths</key>
			<array/>
			<key>isa</key>
			<string>PBXShellScriptBuildPhase</string>
			<key>name</key>
			<string>Copy Pods Resources</string>
			<key>outputPaths</key>
			<array/>
			<key>runOnlyForDeploymentPostprocessing</key>
			<string>0</string>
			<key>shellPath</key>
			<string>/bin/sh</string>
			<key>shellScript</key>
			<string>"${SRCROOT}/Pods/Target Support Files/Pods-Conari/Pods-Conari-resources.sh"
</string>
			<key>showEnvVarsInLog</key>
			<string>0</string>
		</dict>
		<key>3ABEABA61CBE95E60058BC29</key>
		<dict>
			<key>fileEncoding</key>
			<string>4</string>
			<key>isa</key>
			<string>PBXFileReference</string>
			<key>lastKnownFileType</key>
			<string>sourcecode.swift</string>
			<key>path</key>
			<string>DatabaseManager.swift</string>
			<key>sourceTree</key>
			<string>&lt;group&gt;</string>
		</dict>
		<key>3ABEABA71CBE95E60058BC29</key>
		<dict>
			<key>fileRef</key>
			<string>3ABEABA61CBE95E60058BC29</string>
			<key>isa</key>
			<string>PBXBuildFile</string>
		</dict>
		<key>44E5B82C5FA1522B4CC3C606</key>
		<dict>
			<key>includeInIndex</key>
			<string>1</string>
			<key>isa</key>
			<string>PBXFileReference</string>
			<key>lastKnownFileType</key>
			<string>text.xcconfig</string>
			<key>name</key>
			<string>Pods-Conari.release.xcconfig</string>
			<key>path</key>
			<string>Pods/Target Support Files/Pods-Conari/Pods-Conari.release.xcconfig</string>
			<key>sourceTree</key>
			<string>&lt;group&gt;</string>
		</dict>
		<key>96FA118E79DA395B77184284</key>
		<dict>
			<key>buildActionMask</key>
			<string>2147483647</string>
			<key>files</key>
			<array/>
			<key>inputPaths</key>
			<array/>
			<key>isa</key>
			<string>PBXShellScriptBuildPhase</string>
			<key>name</key>
			<string>Embed Pods Frameworks</string>
			<key>outputPaths</key>
			<array/>
			<key>runOnlyForDeploymentPostprocessing</key>
			<string>0</string>
			<key>shellPath</key>
			<string>/bin/sh</string>
			<key>shellScript</key>
			<string>"${SRCROOT}/Pods/Target Support Files/Pods-Conari/Pods-Conari-frameworks.sh"
</string>
			<key>showEnvVarsInLog</key>
			<string>0</string>
		</dict>
		<key>9DD10659BB5316AA537E0B54</key>
		<dict>
			<key>explicitFileType</key>
			<string>wrapper.framework</string>
			<key>includeInIndex</key>
			<string>0</string>
			<key>isa</key>
			<string>PBXFileReference</string>
			<key>path</key>
			<string>Pods_Conari.framework</string>
			<key>sourceTree</key>
			<string>BUILT_PRODUCTS_DIR</string>
		</dict>
		<key>AE3CF5DB1CE338A00080D7E5</key>
		<dict>
			<key>fileEncoding</key>
			<string>4</string>
			<key>isa</key>
			<string>PBXFileReference</string>
			<key>lastKnownFileType</key>
			<string>sourcecode.swift</string>
			<key>path</key>
			<string>SearchTutorialUITests.swift</string>
			<key>sourceTree</key>
			<string>&lt;group&gt;</string>
		</dict>
		<key>AE3CF5DC1CE338A00080D7E5</key>
		<dict>
			<key>fileRef</key>
			<string>AE3CF5DB1CE338A00080D7E5</string>
			<key>isa</key>
			<string>PBXBuildFile</string>
		</dict>
		<key>AE3CF5E01CE368AB0080D7E5</key>
		<dict>
			<key>fileEncoding</key>
			<string>4</string>
			<key>isa</key>
			<string>PBXFileReference</string>
			<key>lastKnownFileType</key>
			<string>sourcecode.swift</string>
			<key>path</key>
			<string>DatabaseManagerUnitTests.swift</string>
			<key>sourceTree</key>
			<string>&lt;group&gt;</string>
		</dict>
		<key>AE3CF5E11CE368AC0080D7E5</key>
		<dict>
			<key>fileRef</key>
			<string>AE3CF5E01CE368AB0080D7E5</string>
			<key>isa</key>
			<string>PBXBuildFile</string>
		</dict>
		<key>AE3E044C1CC779B60010C7EA</key>
		<dict>
			<key>fileEncoding</key>
			<string>4</string>
			<key>isa</key>
			<string>PBXFileReference</string>
			<key>lastKnownFileType</key>
			<string>sourcecode.swift</string>
			<key>path</key>
			<string>KeyboardManager.swift</string>
			<key>sourceTree</key>
			<string>&lt;group&gt;</string>
		</dict>
		<key>AE3E044D1CC779B60010C7EA</key>
		<dict>
			<key>fileRef</key>
			<string>AE3E044C1CC779B60010C7EA</string>
			<key>isa</key>
			<string>PBXBuildFile</string>
		</dict>
		<key>AE5416D61CDA14C8000EE06C</key>
		<dict>
			<key>fileEncoding</key>
			<string>4</string>
			<key>isa</key>
			<string>PBXFileReference</string>
			<key>lastKnownFileType</key>
			<string>sourcecode.swift</string>
			<key>path</key>
			<string>CategorySearchViewController.swift</string>
			<key>sourceTree</key>
			<string>&lt;group&gt;</string>
		</dict>
		<key>AE5416D71CDA14C8000EE06C</key>
		<dict>
			<key>fileEncoding</key>
			<string>4</string>
			<key>isa</key>
			<string>PBXFileReference</string>
			<key>lastKnownFileType</key>
			<string>sourcecode.swift</string>
			<key>path</key>
			<string>CategorySearchTableViewCell.swift</string>
			<key>sourceTree</key>
			<string>&lt;group&gt;</string>
		</dict>
		<key>AE5416D81CDA14C8000EE06C</key>
		<dict>
			<key>fileRef</key>
			<string>AE5416D61CDA14C8000EE06C</string>
			<key>isa</key>
			<string>PBXBuildFile</string>
		</dict>
		<key>AE5416D91CDA14C8000EE06C</key>
		<dict>
			<key>fileRef</key>
			<string>AE5416D71CDA14C8000EE06C</string>
			<key>isa</key>
			<string>PBXBuildFile</string>
		</dict>
		<key>AE5416DD1CDA3043000EE06C</key>
		<dict>
			<key>fileEncoding</key>
			<string>4</string>
			<key>isa</key>
			<string>PBXFileReference</string>
			<key>lastKnownFileType</key>
			<string>sourcecode.swift</string>
			<key>path</key>
			<string>ViewFinishedTutorialViewController.swift</string>
			<key>sourceTree</key>
			<string>&lt;group&gt;</string>
		</dict>
		<key>AE5416DE1CDA3043000EE06C</key>
		<dict>
			<key>fileRef</key>
			<string>AE5416DD1CDA3043000EE06C</string>
			<key>isa</key>
			<string>PBXBuildFile</string>
		</dict>
		<key>AE9217201CC7704E00A3391C</key>
		<dict>
			<key>fileEncoding</key>
			<string>4</string>
			<key>isa</key>
			<string>PBXFileReference</string>
			<key>lastKnownFileType</key>
			<string>sourcecode.swift</string>
			<key>path</key>
			<string>NewTutorialDescriptonViewController.swift</string>
			<key>sourceTree</key>
			<string>&lt;group&gt;</string>
		</dict>
		<key>AE9217211CC7704E00A3391C</key>
		<dict>
			<key>fileRef</key>
			<string>AE9217201CC7704E00A3391C</string>
			<key>isa</key>
			<string>PBXBuildFile</string>
		</dict>
		<key>AE9217221CC7748D00A3391C</key>
		<dict>
			<key>isa</key>
			<string>PBXFileReference</string>
			<key>lastKnownFileType</key>
			<string>wrapper.pb-project</string>
			<key>name</key>
			<string>RichEditorView.xcodeproj</string>
			<key>path</key>
			<string>RichEditorView/RichEditorView.xcodeproj</string>
			<key>sourceTree</key>
			<string>&lt;group&gt;</string>
		</dict>
		<key>AE9217231CC7748D00A3391C</key>
		<dict>
			<key>children</key>
			<array>
				<string>AE9217281CC7748D00A3391C</string>
				<string>AE92172A1CC7748D00A3391C</string>
			</array>
			<key>isa</key>
			<string>PBXGroup</string>
			<key>name</key>
			<string>Products</string>
			<key>sourceTree</key>
			<string>&lt;group&gt;</string>
		</dict>
		<key>AE9217271CC7748D00A3391C</key>
		<dict>
			<key>containerPortal</key>
			<string>AE9217221CC7748D00A3391C</string>
			<key>isa</key>
			<string>PBXContainerItemProxy</string>
			<key>proxyType</key>
			<string>2</string>
			<key>remoteGlobalIDString</key>
			<string>FBA6AAF91AD3EC9F00721644</string>
			<key>remoteInfo</key>
			<string>RichEditorView</string>
		</dict>
		<key>AE9217281CC7748D00A3391C</key>
		<dict>
			<key>fileType</key>
			<string>wrapper.framework</string>
			<key>isa</key>
			<string>PBXReferenceProxy</string>
			<key>path</key>
			<string>RichEditorView.framework</string>
			<key>remoteRef</key>
			<string>AE9217271CC7748D00A3391C</string>
			<key>sourceTree</key>
			<string>BUILT_PRODUCTS_DIR</string>
		</dict>
		<key>AE9217291CC7748D00A3391C</key>
		<dict>
			<key>containerPortal</key>
			<string>AE9217221CC7748D00A3391C</string>
			<key>isa</key>
			<string>PBXContainerItemProxy</string>
			<key>proxyType</key>
			<string>2</string>
			<key>remoteGlobalIDString</key>
			<string>FBA6AB041AD3EC9F00721644</string>
			<key>remoteInfo</key>
			<string>RichEditorViewTests</string>
		</dict>
		<key>AE92172A1CC7748D00A3391C</key>
		<dict>
			<key>fileType</key>
			<string>wrapper.cfbundle</string>
			<key>isa</key>
			<string>PBXReferenceProxy</string>
			<key>path</key>
			<string>RichEditorViewTests.xctest</string>
			<key>remoteRef</key>
			<string>AE9217291CC7748D00A3391C</string>
			<key>sourceTree</key>
			<string>BUILT_PRODUCTS_DIR</string>
		</dict>
		<key>AE92172B1CC774BE00A3391C</key>
		<dict>
			<key>fileRef</key>
			<string>AE9217281CC7748D00A3391C</string>
			<key>isa</key>
			<string>PBXBuildFile</string>
		</dict>
		<key>AE92172C1CC774BE00A3391C</key>
		<dict>
			<key>fileRef</key>
			<string>AE9217281CC7748D00A3391C</string>
			<key>isa</key>
			<string>PBXBuildFile</string>
			<key>settings</key>
			<dict>
				<key>ATTRIBUTES</key>
				<array>
					<string>CodeSignOnCopy</string>
					<string>RemoveHeadersOnCopy</string>
				</array>
			</dict>
		</dict>
		<key>AE92172D1CC774BE00A3391C</key>
		<dict>
			<key>containerPortal</key>
			<string>AE9217221CC7748D00A3391C</string>
			<key>isa</key>
			<string>PBXContainerItemProxy</string>
			<key>proxyType</key>
			<string>1</string>
			<key>remoteGlobalIDString</key>
			<string>FBA6AAF81AD3EC9F00721644</string>
			<key>remoteInfo</key>
			<string>RichEditorView</string>
		</dict>
		<key>AE92172E1CC774BE00A3391C</key>
		<dict>
			<key>isa</key>
			<string>PBXTargetDependency</string>
			<key>name</key>
			<string>RichEditorView</string>
			<key>targetProxy</key>
			<string>AE92172D1CC774BE00A3391C</string>
		</dict>
		<key>AE92172F1CC774BE00A3391C</key>
		<dict>
			<key>buildActionMask</key>
			<string>2147483647</string>
			<key>dstPath</key>
			<string></string>
			<key>dstSubfolderSpec</key>
			<string>10</string>
			<key>files</key>
			<array>
				<string>AE92172C1CC774BE00A3391C</string>
			</array>
			<key>isa</key>
			<string>PBXCopyFilesBuildPhase</string>
			<key>name</key>
			<string>Embed Frameworks</string>
			<key>runOnlyForDeploymentPostprocessing</key>
			<string>0</string>
		</dict>
		<key>AEA97A8B1CE316C800781C88</key>
		<dict>
			<key>explicitFileType</key>
			<string>wrapper.application</string>
			<key>includeInIndex</key>
			<string>0</string>
			<key>isa</key>
			<string>PBXFileReference</string>
			<key>path</key>
			<string>Conari.app</string>
			<key>sourceTree</key>
			<string>BUILT_PRODUCTS_DIR</string>
		</dict>
		<key>AEA97A8C1CE316C800781C88</key>
		<dict>
			<key>children</key>
			<array>
				<string>AEA97A8B1CE316C800781C88</string>
				<string>AEA97A971CE3176F00781C88</string>
				<string>AEA97AA51CE3177900781C88</string>
			</array>
			<key>isa</key>
			<string>PBXGroup</string>
			<key>name</key>
			<string>Products</string>
			<key>sourceTree</key>
			<string>&lt;group&gt;</string>
		</dict>
		<key>AEA97A931CE3176F00781C88</key>
		<dict>
			<key>buildActionMask</key>
			<string>2147483647</string>
			<key>files</key>
			<array>
				<string>C02D94861CE3282900A6E778</string>
				<string>AEA97AB41CE3179C00781C88</string>
				<string>AEA97AB51CE3179C00781C88</string>
				<string>C02D94921CE3285300A6E778</string>
				<string>C02D94821CE3282300A6E778</string>
				<string>AE3CF5DC1CE338A00080D7E5</string>
				<string>AEA97A9A1CE3176F00781C88</string>
				<string>C02D94841CE3282600A6E778</string>
				<string>C02D948C1CE3284B00A6E778</string>
				<string>C02D94801CE3282000A6E778</string>
				<string>C02D948E1CE3284E00A6E778</string>
				<string>AEFD45B01CEC50F500302E43</string>
				<string>AEA97AB61CE3179C00781C88</string>
				<string>C02D947A1CE3281700A6E778</string>
				<string>C02D947C1CE3281A00A6E778</string>
				<string>C02D94901CE3285100A6E778</string>
				<string>C0209D9E1CE376BA0058CF8B</string>
				<string>AEA97AB31CE3179C00781C88</string>
				<string>C02D94881CE3282C00A6E778</string>
				<string>C02D947E1CE3281D00A6E778</string>
			</array>
			<key>isa</key>
			<string>PBXSourcesBuildPhase</string>
			<key>runOnlyForDeploymentPostprocessing</key>
			<string>0</string>
		</dict>
		<key>AEA97A941CE3176F00781C88</key>
		<dict>
			<key>buildActionMask</key>
			<string>2147483647</string>
			<key>files</key>
			<array/>
			<key>isa</key>
			<string>PBXFrameworksBuildPhase</string>
			<key>runOnlyForDeploymentPostprocessing</key>
			<string>0</string>
		</dict>
		<key>AEA97A951CE3176F00781C88</key>
		<dict>
			<key>buildActionMask</key>
			<string>2147483647</string>
			<key>files</key>
			<array>
				<string>C02D94781CE3281200A6E778</string>
				<string>C02D948A1CE3284500A6E778</string>
			</array>
			<key>isa</key>
			<string>PBXResourcesBuildPhase</string>
			<key>runOnlyForDeploymentPostprocessing</key>
			<string>0</string>
		</dict>
		<key>AEA97A961CE3176F00781C88</key>
		<dict>
			<key>buildConfigurationList</key>
			<string>AEA97A9E1CE3176F00781C88</string>
			<key>buildPhases</key>
			<array>
				<string>AEA97A931CE3176F00781C88</string>
				<string>AEA97A941CE3176F00781C88</string>
				<string>AEA97A951CE3176F00781C88</string>
			</array>
			<key>buildRules</key>
			<array/>
			<key>dependencies</key>
			<array>
				<string>AEA97A9D1CE3176F00781C88</string>
			</array>
			<key>isa</key>
			<string>PBXNativeTarget</string>
			<key>name</key>
			<string>ConariUITests</string>
			<key>productName</key>
			<string>ConariUITests</string>
			<key>productReference</key>
			<string>AEA97A971CE3176F00781C88</string>
			<key>productType</key>
			<string>com.apple.product-type.bundle.ui-testing</string>
		</dict>
		<key>AEA97A971CE3176F00781C88</key>
		<dict>
			<key>explicitFileType</key>
			<string>wrapper.cfbundle</string>
			<key>includeInIndex</key>
			<string>0</string>
			<key>isa</key>
			<string>PBXFileReference</string>
			<key>path</key>
			<string>ConariUITests.xctest</string>
			<key>sourceTree</key>
			<string>BUILT_PRODUCTS_DIR</string>
		</dict>
		<key>AEA97A981CE3176F00781C88</key>
		<dict>
			<key>children</key>
			<array>
				<string>AE3CF5DB1CE338A00080D7E5</string>
				<string>AEA97AAF1CE3179C00781C88</string>
				<string>AEA97AB01CE3179C00781C88</string>
				<string>AEA97AB11CE3179C00781C88</string>
				<string>AEA97AB21CE3179C00781C88</string>
				<string>AEA97A991CE3176F00781C88</string>
				<string>C050BAC41CE3702C005DAF16</string>
				<string>AEA97A9B1CE3176F00781C88</string>
			</array>
			<key>isa</key>
			<string>PBXGroup</string>
			<key>path</key>
			<string>ConariUITests</string>
			<key>sourceTree</key>
			<string>&lt;group&gt;</string>
		</dict>
		<key>AEA97A991CE3176F00781C88</key>
		<dict>
			<key>isa</key>
			<string>PBXFileReference</string>
			<key>lastKnownFileType</key>
			<string>sourcecode.swift</string>
			<key>path</key>
			<string>ConariUITests.swift</string>
			<key>sourceTree</key>
			<string>&lt;group&gt;</string>
		</dict>
		<key>AEA97A9A1CE3176F00781C88</key>
		<dict>
			<key>fileRef</key>
			<string>AEA97A991CE3176F00781C88</string>
			<key>isa</key>
			<string>PBXBuildFile</string>
		</dict>
		<key>AEA97A9B1CE3176F00781C88</key>
		<dict>
			<key>isa</key>
			<string>PBXFileReference</string>
			<key>lastKnownFileType</key>
			<string>text.plist.xml</string>
			<key>path</key>
			<string>Info.plist</string>
			<key>sourceTree</key>
			<string>&lt;group&gt;</string>
		</dict>
		<key>AEA97A9C1CE3176F00781C88</key>
		<dict>
			<key>containerPortal</key>
			<string>E06D7FAE1CBE221F003001BD</string>
			<key>isa</key>
			<string>PBXContainerItemProxy</string>
			<key>proxyType</key>
			<string>1</string>
			<key>remoteGlobalIDString</key>
			<string>E06D7FB51CBE221F003001BD</string>
			<key>remoteInfo</key>
			<string>Conari</string>
		</dict>
		<key>AEA97A9D1CE3176F00781C88</key>
		<dict>
			<key>isa</key>
			<string>PBXTargetDependency</string>
			<key>target</key>
			<string>E06D7FB51CBE221F003001BD</string>
			<key>targetProxy</key>
			<string>AEA97A9C1CE3176F00781C88</string>
		</dict>
		<key>AEA97A9E1CE3176F00781C88</key>
		<dict>
			<key>buildConfigurations</key>
			<array>
				<string>AEA97A9F1CE3176F00781C88</string>
				<string>AEA97AA01CE3176F00781C88</string>
			</array>
			<key>defaultConfigurationIsVisible</key>
			<string>0</string>
			<key>defaultConfigurationName</key>
			<string>Release</string>
			<key>isa</key>
			<string>XCConfigurationList</string>
		</dict>
		<key>AEA97A9F1CE3176F00781C88</key>
		<dict>
			<key>buildSettings</key>
			<dict>
				<key>INFOPLIST_FILE</key>
				<string>ConariUITests/Info.plist</string>
				<key>LD_RUNPATH_SEARCH_PATHS</key>
				<string>$(inherited) @executable_path/Frameworks @loader_path/Frameworks</string>
				<key>PRODUCT_BUNDLE_IDENTIFIER</key>
				<string>stefanmitt.ConariUITests</string>
				<key>PRODUCT_NAME</key>
				<string>$(TARGET_NAME)</string>
				<key>TEST_TARGET_NAME</key>
				<string>Conari</string>
			</dict>
			<key>isa</key>
			<string>XCBuildConfiguration</string>
			<key>name</key>
			<string>Debug</string>
		</dict>
		<key>AEA97AA01CE3176F00781C88</key>
		<dict>
			<key>buildSettings</key>
			<dict>
				<key>INFOPLIST_FILE</key>
				<string>ConariUITests/Info.plist</string>
				<key>LD_RUNPATH_SEARCH_PATHS</key>
				<string>$(inherited) @executable_path/Frameworks @loader_path/Frameworks</string>
				<key>PRODUCT_BUNDLE_IDENTIFIER</key>
				<string>stefanmitt.ConariUITests</string>
				<key>PRODUCT_NAME</key>
				<string>$(TARGET_NAME)</string>
				<key>TEST_TARGET_NAME</key>
				<string>Conari</string>
			</dict>
			<key>isa</key>
			<string>XCBuildConfiguration</string>
			<key>name</key>
			<string>Release</string>
		</dict>
		<key>AEA97AA11CE3177900781C88</key>
		<dict>
			<key>buildActionMask</key>
			<string>2147483647</string>
			<key>files</key>
			<array>
				<string>C02D94871CE3282900A6E778</string>
				<string>C02D948D1CE3284C00A6E778</string>
				<string>C02D94811CE3282100A6E778</string>
				<string>C02D94911CE3285100A6E778</string>
				<string>AEA97AA81CE3177900781C88</string>
				<string>AE3CF5E11CE368AC0080D7E5</string>
				<string>C02D94891CE3282C00A6E778</string>
				<string>C02D948F1CE3284E00A6E778</string>
				<string>C02D947F1CE3281D00A6E778</string>
				<string>C02D947B1CE3281800A6E778</string>
				<string>C02D947D1CE3281B00A6E778</string>
				<string>AEA97ABC1CE317E600781C88</string>
				<string>AEA97ABA1CE317A600781C88</string>
				<string>C02D94931CE3285400A6E778</string>
				<string>C02D94851CE3282600A6E778</string>
				<string>AEFD45AF1CEC50F500302E43</string>
				<string>AEA97AB91CE317A600781C88</string>
				<string>C02D94831CE3282300A6E778</string>
			</array>
			<key>isa</key>
			<string>PBXSourcesBuildPhase</string>
			<key>runOnlyForDeploymentPostprocessing</key>
			<string>0</string>
		</dict>
		<key>AEA97AA21CE3177900781C88</key>
		<dict>
			<key>buildActionMask</key>
			<string>2147483647</string>
			<key>files</key>
			<array/>
			<key>isa</key>
			<string>PBXFrameworksBuildPhase</string>
			<key>runOnlyForDeploymentPostprocessing</key>
			<string>0</string>
		</dict>
		<key>AEA97AA31CE3177900781C88</key>
		<dict>
			<key>buildActionMask</key>
			<string>2147483647</string>
			<key>files</key>
			<array>
				<string>C02D94791CE3281300A6E778</string>
				<string>C02D948B1CE3284600A6E778</string>
			</array>
			<key>isa</key>
			<string>PBXResourcesBuildPhase</string>
			<key>runOnlyForDeploymentPostprocessing</key>
			<string>0</string>
		</dict>
		<key>AEA97AA41CE3177900781C88</key>
		<dict>
			<key>buildConfigurationList</key>
			<string>AEA97AAC1CE3177900781C88</string>
			<key>buildPhases</key>
			<array>
				<string>AEA97AA11CE3177900781C88</string>
				<string>AEA97AA21CE3177900781C88</string>
				<string>AEA97AA31CE3177900781C88</string>
			</array>
			<key>buildRules</key>
			<array/>
			<key>dependencies</key>
			<array>
				<string>AEA97AAB1CE3177900781C88</string>
			</array>
			<key>isa</key>
			<string>PBXNativeTarget</string>
			<key>name</key>
			<string>ConariUnitTests</string>
			<key>productName</key>
			<string>ConariUnitTests</string>
			<key>productReference</key>
			<string>AEA97AA51CE3177900781C88</string>
			<key>productType</key>
			<string>com.apple.product-type.bundle.unit-test</string>
		</dict>
		<key>AEA97AA51CE3177900781C88</key>
		<dict>
			<key>explicitFileType</key>
			<string>wrapper.cfbundle</string>
			<key>includeInIndex</key>
			<string>0</string>
			<key>isa</key>
			<string>PBXFileReference</string>
			<key>path</key>
			<string>ConariUnitTests.xctest</string>
			<key>sourceTree</key>
			<string>BUILT_PRODUCTS_DIR</string>
		</dict>
		<key>AEA97AA61CE3177900781C88</key>
		<dict>
			<key>children</key>
			<array>
				<string>AEA97AB71CE317A600781C88</string>
				<string>AEA97AB81CE317A600781C88</string>
				<string>AE3CF5E01CE368AB0080D7E5</string>
				<string>AEA97AA71CE3177900781C88</string>
				<string>AEA97ABB1CE317E600781C88</string>
				<string>AEA97AA91CE3177900781C88</string>
			</array>
			<key>isa</key>
			<string>PBXGroup</string>
			<key>path</key>
			<string>ConariUnitTests</string>
			<key>sourceTree</key>
			<string>&lt;group&gt;</string>
		</dict>
		<key>AEA97AA71CE3177900781C88</key>
		<dict>
			<key>isa</key>
			<string>PBXFileReference</string>
			<key>lastKnownFileType</key>
			<string>sourcecode.swift</string>
			<key>path</key>
			<string>ConariUnitTests.swift</string>
			<key>sourceTree</key>
			<string>&lt;group&gt;</string>
		</dict>
		<key>AEA97AA81CE3177900781C88</key>
		<dict>
			<key>fileRef</key>
			<string>AEA97AA71CE3177900781C88</string>
			<key>isa</key>
			<string>PBXBuildFile</string>
		</dict>
		<key>AEA97AA91CE3177900781C88</key>
		<dict>
			<key>isa</key>
			<string>PBXFileReference</string>
			<key>lastKnownFileType</key>
			<string>text.plist.xml</string>
			<key>path</key>
			<string>Info.plist</string>
			<key>sourceTree</key>
			<string>&lt;group&gt;</string>
		</dict>
		<key>AEA97AAA1CE3177900781C88</key>
		<dict>
			<key>containerPortal</key>
			<string>E06D7FAE1CBE221F003001BD</string>
			<key>isa</key>
			<string>PBXContainerItemProxy</string>
			<key>proxyType</key>
			<string>1</string>
			<key>remoteGlobalIDString</key>
			<string>E06D7FB51CBE221F003001BD</string>
			<key>remoteInfo</key>
			<string>Conari</string>
		</dict>
		<key>AEA97AAB1CE3177900781C88</key>
		<dict>
			<key>isa</key>
			<string>PBXTargetDependency</string>
			<key>target</key>
			<string>E06D7FB51CBE221F003001BD</string>
			<key>targetProxy</key>
			<string>AEA97AAA1CE3177900781C88</string>
		</dict>
		<key>AEA97AAC1CE3177900781C88</key>
		<dict>
			<key>buildConfigurations</key>
			<array>
				<string>AEA97AAD1CE3177900781C88</string>
				<string>AEA97AAE1CE3177900781C88</string>
			</array>
			<key>defaultConfigurationIsVisible</key>
			<string>0</string>
			<key>defaultConfigurationName</key>
			<string>Release</string>
			<key>isa</key>
			<string>XCConfigurationList</string>
		</dict>
		<key>AEA97AAD1CE3177900781C88</key>
		<dict>
			<key>buildSettings</key>
			<dict>
				<key>BUNDLE_LOADER</key>
				<string>$(TEST_HOST)</string>
				<key>INFOPLIST_FILE</key>
				<string>ConariUnitTests/Info.plist</string>
				<key>LD_RUNPATH_SEARCH_PATHS</key>
				<string>$(inherited) @executable_path/Frameworks @loader_path/Frameworks</string>
				<key>PRODUCT_BUNDLE_IDENTIFIER</key>
				<string>stefanmitt.ConariUnitTests</string>
				<key>PRODUCT_NAME</key>
				<string>$(TARGET_NAME)</string>
				<key>TEST_HOST</key>
				<string>$(BUILT_PRODUCTS_DIR)/Conari.app/Conari</string>
			</dict>
			<key>isa</key>
			<string>XCBuildConfiguration</string>
			<key>name</key>
			<string>Debug</string>
		</dict>
		<key>AEA97AAE1CE3177900781C88</key>
		<dict>
			<key>buildSettings</key>
			<dict>
				<key>BUNDLE_LOADER</key>
				<string>$(TEST_HOST)</string>
				<key>INFOPLIST_FILE</key>
				<string>ConariUnitTests/Info.plist</string>
				<key>LD_RUNPATH_SEARCH_PATHS</key>
				<string>$(inherited) @executable_path/Frameworks @loader_path/Frameworks</string>
				<key>PRODUCT_BUNDLE_IDENTIFIER</key>
				<string>stefanmitt.ConariUnitTests</string>
				<key>PRODUCT_NAME</key>
				<string>$(TARGET_NAME)</string>
				<key>TEST_HOST</key>
				<string>$(BUILT_PRODUCTS_DIR)/Conari.app/Conari</string>
			</dict>
			<key>isa</key>
			<string>XCBuildConfiguration</string>
			<key>name</key>
			<string>Release</string>
		</dict>
		<key>AEA97AAF1CE3179C00781C88</key>
		<dict>
			<key>fileEncoding</key>
			<string>4</string>
			<key>isa</key>
			<string>PBXFileReference</string>
			<key>lastKnownFileType</key>
			<string>sourcecode.swift</string>
			<key>path</key>
			<string>LoginUITests.swift</string>
			<key>sourceTree</key>
			<string>&lt;group&gt;</string>
		</dict>
		<key>AEA97AB01CE3179C00781C88</key>
		<dict>
			<key>fileEncoding</key>
			<string>4</string>
			<key>isa</key>
			<string>PBXFileReference</string>
			<key>lastKnownFileType</key>
			<string>sourcecode.swift</string>
			<key>path</key>
			<string>MetadataUITests.swift</string>
			<key>sourceTree</key>
			<string>&lt;group&gt;</string>
		</dict>
		<key>AEA97AB11CE3179C00781C88</key>
		<dict>
			<key>fileEncoding</key>
			<string>4</string>
			<key>isa</key>
			<string>PBXFileReference</string>
			<key>lastKnownFileType</key>
			<string>sourcecode.swift</string>
			<key>path</key>
			<string>NewUserUITests.swift</string>
			<key>sourceTree</key>
			<string>&lt;group&gt;</string>
		</dict>
		<key>AEA97AB21CE3179C00781C88</key>
		<dict>
			<key>fileEncoding</key>
			<string>4</string>
			<key>isa</key>
			<string>PBXFileReference</string>
			<key>lastKnownFileType</key>
			<string>sourcecode.swift</string>
			<key>path</key>
			<string>ViewFinishedTutorialUITest.swift</string>
			<key>sourceTree</key>
			<string>&lt;group&gt;</string>
		</dict>
		<key>AEA97AB31CE3179C00781C88</key>
		<dict>
			<key>fileRef</key>
			<string>AEA97AAF1CE3179C00781C88</string>
			<key>isa</key>
			<string>PBXBuildFile</string>
		</dict>
		<key>AEA97AB41CE3179C00781C88</key>
		<dict>
			<key>fileRef</key>
			<string>AEA97AB01CE3179C00781C88</string>
			<key>isa</key>
			<string>PBXBuildFile</string>
		</dict>
		<key>AEA97AB51CE3179C00781C88</key>
		<dict>
			<key>fileRef</key>
			<string>AEA97AB11CE3179C00781C88</string>
			<key>isa</key>
			<string>PBXBuildFile</string>
		</dict>
		<key>AEA97AB61CE3179C00781C88</key>
		<dict>
			<key>fileRef</key>
			<string>AEA97AB21CE3179C00781C88</string>
			<key>isa</key>
			<string>PBXBuildFile</string>
		</dict>
		<key>AEA97AB71CE317A600781C88</key>
		<dict>
			<key>fileEncoding</key>
			<string>4</string>
			<key>isa</key>
			<string>PBXFileReference</string>
			<key>lastKnownFileType</key>
			<string>sourcecode.swift</string>
			<key>path</key>
			<string>LoginUnitTests.swift</string>
			<key>sourceTree</key>
			<string>&lt;group&gt;</string>
		</dict>
		<key>AEA97AB81CE317A600781C88</key>
		<dict>
			<key>fileEncoding</key>
			<string>4</string>
			<key>isa</key>
			<string>PBXFileReference</string>
			<key>lastKnownFileType</key>
			<string>sourcecode.swift</string>
			<key>path</key>
			<string>ViewFinishedTutorial.swift</string>
			<key>sourceTree</key>
			<string>&lt;group&gt;</string>
		</dict>
		<key>AEA97AB91CE317A600781C88</key>
		<dict>
			<key>fileRef</key>
			<string>AEA97AB71CE317A600781C88</string>
			<key>isa</key>
			<string>PBXBuildFile</string>
		</dict>
		<key>AEA97ABA1CE317A600781C88</key>
		<dict>
			<key>fileRef</key>
			<string>AEA97AB81CE317A600781C88</string>
			<key>isa</key>
			<string>PBXBuildFile</string>
		</dict>
		<key>AEA97ABB1CE317E600781C88</key>
		<dict>
			<key>fileEncoding</key>
			<string>4</string>
			<key>isa</key>
			<string>PBXFileReference</string>
			<key>lastKnownFileType</key>
			<string>sourcecode.swift</string>
			<key>path</key>
			<string>NewUserUnitTests.swift</string>
			<key>sourceTree</key>
			<string>&lt;group&gt;</string>
		</dict>
		<key>AEA97ABC1CE317E600781C88</key>
		<dict>
			<key>fileRef</key>
			<string>AEA97ABB1CE317E600781C88</string>
			<key>isa</key>
			<string>PBXBuildFile</string>
		</dict>
		<key>AEAFD2071CD0EE1A00759429</key>
		<dict>
			<key>fileEncoding</key>
			<string>4</string>
			<key>isa</key>
			<string>PBXFileReference</string>
			<key>lastKnownFileType</key>
			<string>sourcecode.swift</string>
			<key>path</key>
			<string>MainTutorialViewController.swift</string>
			<key>sourceTree</key>
			<string>&lt;group&gt;</string>
		</dict>
		<key>AEAFD2081CD0EE1A00759429</key>
		<dict>
			<key>fileRef</key>
			<string>AEAFD2071CD0EE1A00759429</string>
			<key>isa</key>
			<string>PBXBuildFile</string>
		</dict>
		<key>AEB03E021CC75B5C00FFEA38</key>
		<dict>
			<key>fileEncoding</key>
			<string>4</string>
			<key>isa</key>
			<string>PBXFileReference</string>
			<key>lastKnownFileType</key>
			<string>sourcecode.swift</string>
			<key>path</key>
			<string>MetaDataViewController.swift</string>
			<key>sourceTree</key>
			<string>&lt;group&gt;</string>
		</dict>
		<key>AEB03E041CC75B5C00FFEA38</key>
		<dict>
			<key>fileRef</key>
			<string>AEB03E021CC75B5C00FFEA38</string>
			<key>isa</key>
			<string>PBXBuildFile</string>
		</dict>
		<key>AEFD45AC1CEC4A3C00302E43</key>
		<dict>
			<key>fileEncoding</key>
			<string>4</string>
			<key>isa</key>
			<string>PBXFileReference</string>
			<key>lastKnownFileType</key>
			<string>sourcecode.swift</string>
			<key>path</key>
			<string>YoutubeManager.swift</string>
			<key>sourceTree</key>
			<string>&lt;group&gt;</string>
		</dict>
		<key>AEFD45AD1CEC4A3C00302E43</key>
		<dict>
			<key>fileRef</key>
			<string>AEFD45AC1CEC4A3C00302E43</string>
			<key>isa</key>
			<string>PBXBuildFile</string>
		</dict>
		<key>AEFD45AF1CEC50F500302E43</key>
		<dict>
			<key>fileRef</key>
			<string>AEFD45AC1CEC4A3C00302E43</string>
			<key>isa</key>
			<string>PBXBuildFile</string>
		</dict>
		<key>AEFD45B01CEC50F500302E43</key>
		<dict>
			<key>fileRef</key>
			<string>AEFD45AC1CEC4A3C00302E43</string>
			<key>isa</key>
			<string>PBXBuildFile</string>
		</dict>
		<key>BE6BF3CD5911FE5F9635E134</key>
		<dict>
			<key>fileRef</key>
			<string>9DD10659BB5316AA537E0B54</string>
			<key>isa</key>
			<string>PBXBuildFile</string>
		</dict>
		<key>BF42A6E4429CF801BFA1819D</key>
		<dict>
			<key>includeInIndex</key>
			<string>1</string>
			<key>isa</key>
			<string>PBXFileReference</string>
			<key>lastKnownFileType</key>
			<string>text.xcconfig</string>
			<key>name</key>
			<string>Pods-Conari.debug.xcconfig</string>
			<key>path</key>
			<string>Pods/Target Support Files/Pods-Conari/Pods-Conari.debug.xcconfig</string>
			<key>sourceTree</key>
			<string>&lt;group&gt;</string>
		</dict>
		<key>C0209D9E1CE376BA0058CF8B</key>
		<dict>
			<key>fileRef</key>
			<string>C050BAC41CE3702C005DAF16</string>
			<key>isa</key>
			<string>PBXBuildFile</string>
		</dict>
		<key>C02D94781CE3281200A6E778</key>
		<dict>
			<key>fileRef</key>
			<string>DAE8F6B11CD0FBF60081EA84</string>
			<key>isa</key>
			<string>PBXBuildFile</string>
		</dict>
		<key>C02D94791CE3281300A6E778</key>
		<dict>
			<key>fileRef</key>
			<string>DAE8F6B11CD0FBF60081EA84</string>
			<key>isa</key>
			<string>PBXBuildFile</string>
		</dict>
		<key>C02D947A1CE3281700A6E778</key>
		<dict>
			<key>fileRef</key>
			<string>AE9217201CC7704E00A3391C</string>
			<key>isa</key>
			<string>PBXBuildFile</string>
		</dict>
		<key>C02D947B1CE3281800A6E778</key>
		<dict>
			<key>fileRef</key>
			<string>AE9217201CC7704E00A3391C</string>
			<key>isa</key>
			<string>PBXBuildFile</string>
		</dict>
		<key>C02D947C1CE3281A00A6E778</key>
		<dict>
			<key>fileRef</key>
			<string>AEAFD2071CD0EE1A00759429</string>
			<key>isa</key>
			<string>PBXBuildFile</string>
		</dict>
		<key>C02D947D1CE3281B00A6E778</key>
		<dict>
			<key>fileRef</key>
			<string>AEAFD2071CD0EE1A00759429</string>
			<key>isa</key>
			<string>PBXBuildFile</string>
		</dict>
		<key>C02D947E1CE3281D00A6E778</key>
		<dict>
			<key>fileRef</key>
			<string>AEB03E021CC75B5C00FFEA38</string>
			<key>isa</key>
			<string>PBXBuildFile</string>
		</dict>
		<key>C02D947F1CE3281D00A6E778</key>
		<dict>
			<key>fileRef</key>
			<string>AEB03E021CC75B5C00FFEA38</string>
			<key>isa</key>
			<string>PBXBuildFile</string>
		</dict>
		<key>C02D94801CE3282000A6E778</key>
		<dict>
			<key>fileRef</key>
			<string>E06D7FB91CBE2220003001BD</string>
			<key>isa</key>
			<string>PBXBuildFile</string>
		</dict>
		<key>C02D94811CE3282100A6E778</key>
		<dict>
			<key>fileRef</key>
			<string>E06D7FB91CBE2220003001BD</string>
			<key>isa</key>
			<string>PBXBuildFile</string>
		</dict>
		<key>C02D94821CE3282300A6E778</key>
		<dict>
			<key>fileRef</key>
			<string>3ABEABA61CBE95E60058BC29</string>
			<key>isa</key>
			<string>PBXBuildFile</string>
		</dict>
		<key>C02D94831CE3282300A6E778</key>
		<dict>
			<key>fileRef</key>
			<string>3ABEABA61CBE95E60058BC29</string>
			<key>isa</key>
			<string>PBXBuildFile</string>
		</dict>
		<key>C02D94841CE3282600A6E778</key>
		<dict>
			<key>fileRef</key>
			<string>AE5416D71CDA14C8000EE06C</string>
			<key>isa</key>
			<string>PBXBuildFile</string>
		</dict>
		<key>C02D94851CE3282600A6E778</key>
		<dict>
			<key>fileRef</key>
			<string>AE5416D71CDA14C8000EE06C</string>
			<key>isa</key>
			<string>PBXBuildFile</string>
		</dict>
		<key>C02D94861CE3282900A6E778</key>
		<dict>
			<key>fileRef</key>
			<string>AE5416D61CDA14C8000EE06C</string>
			<key>isa</key>
			<string>PBXBuildFile</string>
		</dict>
		<key>C02D94871CE3282900A6E778</key>
		<dict>
			<key>fileRef</key>
			<string>AE5416D61CDA14C8000EE06C</string>
			<key>isa</key>
			<string>PBXBuildFile</string>
		</dict>
		<key>C02D94881CE3282C00A6E778</key>
		<dict>
			<key>fileRef</key>
			<string>AE5416DD1CDA3043000EE06C</string>
			<key>isa</key>
			<string>PBXBuildFile</string>
		</dict>
		<key>C02D94891CE3282C00A6E778</key>
		<dict>
			<key>fileRef</key>
			<string>AE5416DD1CDA3043000EE06C</string>
			<key>isa</key>
			<string>PBXBuildFile</string>
		</dict>
		<key>C02D948A1CE3284500A6E778</key>
		<dict>
			<key>fileRef</key>
			<string>E06D7FC21CBE2220003001BD</string>
			<key>isa</key>
			<string>PBXBuildFile</string>
		</dict>
		<key>C02D948B1CE3284600A6E778</key>
		<dict>
			<key>fileRef</key>
			<string>E06D7FC21CBE2220003001BD</string>
			<key>isa</key>
			<string>PBXBuildFile</string>
		</dict>
		<key>C02D948C1CE3284B00A6E778</key>
		<dict>
			<key>fileRef</key>
			<string>DA273FB71CBE5CB40049E7C8</string>
			<key>isa</key>
			<string>PBXBuildFile</string>
		</dict>
		<key>C02D948D1CE3284C00A6E778</key>
		<dict>
			<key>fileRef</key>
			<string>DA273FB71CBE5CB40049E7C8</string>
			<key>isa</key>
			<string>PBXBuildFile</string>
		</dict>
		<key>C02D948E1CE3284E00A6E778</key>
		<dict>
			<key>fileRef</key>
			<string>E07CFBFE1CBE2B97005BDFAA</string>
			<key>isa</key>
			<string>PBXBuildFile</string>
		</dict>
		<key>C02D948F1CE3284E00A6E778</key>
		<dict>
			<key>fileRef</key>
			<string>E07CFBFE1CBE2B97005BDFAA</string>
			<key>isa</key>
			<string>PBXBuildFile</string>
		</dict>
		<key>C02D94901CE3285100A6E778</key>
		<dict>
			<key>fileRef</key>
			<string>E07CFC001CBE2CA0005BDFAA</string>
			<key>isa</key>
			<string>PBXBuildFile</string>
		</dict>
		<key>C02D94911CE3285100A6E778</key>
		<dict>
			<key>fileRef</key>
			<string>E07CFC001CBE2CA0005BDFAA</string>
			<key>isa</key>
			<string>PBXBuildFile</string>
		</dict>
		<key>C02D94921CE3285300A6E778</key>
		<dict>
			<key>fileRef</key>
			<string>AE3E044C1CC779B60010C7EA</string>
			<key>isa</key>
			<string>PBXBuildFile</string>
		</dict>
		<key>C02D94931CE3285400A6E778</key>
		<dict>
			<key>fileRef</key>
			<string>AE3E044C1CC779B60010C7EA</string>
			<key>isa</key>
			<string>PBXBuildFile</string>
		</dict>
		<key>C050BAC41CE3702C005DAF16</key>
		<dict>
			<key>fileEncoding</key>
			<string>4</string>
			<key>isa</key>
			<string>PBXFileReference</string>
			<key>lastKnownFileType</key>
			<string>sourcecode.swift</string>
			<key>path</key>
			<string>CategorySearchUITests.swift</string>
			<key>sourceTree</key>
			<string>&lt;group&gt;</string>
		</dict>
		<key>DA273FB71CBE5CB40049E7C8</key>
		<dict>
			<key>fileEncoding</key>
			<string>4</string>
			<key>isa</key>
			<string>PBXFileReference</string>
			<key>lastKnownFileType</key>
			<string>sourcecode.swift</string>
			<key>path</key>
			<string>NewUserViewController.swift</string>
			<key>sourceTree</key>
			<string>&lt;group&gt;</string>
		</dict>
		<key>DA273FB81CBE5CB40049E7C8</key>
		<dict>
			<key>fileRef</key>
			<string>DA273FB71CBE5CB40049E7C8</string>
			<key>isa</key>
			<string>PBXBuildFile</string>
		</dict>
		<key>DAE8F6B11CD0FBF60081EA84</key>
		<dict>
			<key>fileEncoding</key>
			<string>4</string>
			<key>isa</key>
			<string>PBXFileReference</string>
			<key>lastKnownFileType</key>
			<string>file.storyboard</string>
			<key>path</key>
			<string>Main.storyboard</string>
			<key>sourceTree</key>
			<string>&lt;group&gt;</string>
		</dict>
		<key>DAE8F6B21CD0FBF60081EA84</key>
		<dict>
			<key>fileRef</key>
			<string>DAE8F6B11CD0FBF60081EA84</string>
			<key>isa</key>
			<string>PBXBuildFile</string>
		</dict>
		<key>E034AE771CC7C46B003D77FE</key>
		<dict>
			<key>isa</key>
			<string>PBXFileReference</string>
			<key>lastKnownFileType</key>
			<string>folder</string>
			<key>path</key>
			<string>ConariTests</string>
			<key>sourceTree</key>
			<string>&lt;group&gt;</string>
		</dict>
		<key>E034AE7B1CC7C4E5003D77FE</key>
		<dict>
			<key>fileRef</key>
			<string>E034AE771CC7C46B003D77FE</string>
			<key>isa</key>
			<string>PBXBuildFile</string>
		</dict>
		<key>E06D7FAD1CBE221F003001BD</key>
		<dict>
			<key>children</key>
			<array>
				<string>E0F556831CC7CA830070F3FE</string>
				<string>E0DBB9BF1CBE4E66009D6520</string>
				<string>E06D7FB81CBE2220003001BD</string>
				<string>AE9217221CC7748D00A3391C</string>
				<string>AEA97A981CE3176F00781C88</string>
				<string>AEA97AA61CE3177900781C88</string>
				<string>AEA97A8C1CE316C800781C88</string>
				<string>2A4F1E1E9C819E0EF918F90A</string>
				<string>1410D9E258FEB8605201BA28</string>
			</array>
			<key>isa</key>
			<string>PBXGroup</string>
			<key>sourceTree</key>
			<string>&lt;group&gt;</string>
		</dict>
		<key>E06D7FAE1CBE221F003001BD</key>
		<dict>
			<key>attributes</key>
			<dict>
				<key>LastSwiftUpdateCheck</key>
				<string>0730</string>
				<key>LastUpgradeCheck</key>
				<string>0730</string>
				<key>ORGANIZATIONNAME</key>
				<string>Markus Friedl</string>
				<key>TargetAttributes</key>
				<dict>
					<key>AEA97A961CE3176F00781C88</key>
					<dict>
						<key>CreatedOnToolsVersion</key>
						<string>7.3</string>
						<key>TestTargetID</key>
						<string>E06D7FB51CBE221F003001BD</string>
					</dict>
					<key>AEA97AA41CE3177900781C88</key>
					<dict>
						<key>CreatedOnToolsVersion</key>
						<string>7.3</string>
						<key>TestTargetID</key>
						<string>E06D7FB51CBE221F003001BD</string>
					</dict>
					<key>E06D7FB51CBE221F003001BD</key>
					<dict>
						<key>CreatedOnToolsVersion</key>
						<string>7.3</string>
					</dict>
				</dict>
			</dict>
			<key>buildConfigurationList</key>
			<string>E06D7FB11CBE221F003001BD</string>
			<key>compatibilityVersion</key>
			<string>Xcode 3.2</string>
			<key>developmentRegion</key>
			<string>English</string>
			<key>hasScannedForEncodings</key>
			<string>0</string>
			<key>isa</key>
			<string>PBXProject</string>
			<key>knownRegions</key>
			<array>
				<string>en</string>
				<string>Base</string>
			</array>
			<key>mainGroup</key>
			<string>E06D7FAD1CBE221F003001BD</string>
			<key>productRefGroup</key>
			<string>AEA97A8C1CE316C800781C88</string>
			<key>projectDirPath</key>
			<string></string>
			<key>projectReferences</key>
			<array>
				<dict>
					<key>ProductGroup</key>
					<string>AE9217231CC7748D00A3391C</string>
					<key>ProjectRef</key>
					<string>AE9217221CC7748D00A3391C</string>
				</dict>
			</array>
			<key>projectRoot</key>
			<string></string>
			<key>targets</key>
			<array>
				<string>E06D7FB51CBE221F003001BD</string>
				<string>AEA97A961CE3176F00781C88</string>
				<string>AEA97AA41CE3177900781C88</string>
			</array>
		</dict>
		<key>E06D7FB11CBE221F003001BD</key>
		<dict>
			<key>buildConfigurations</key>
			<array>
				<string>E06D7FD11CBE2220003001BD</string>
				<string>E06D7FD21CBE2220003001BD</string>
			</array>
			<key>defaultConfigurationIsVisible</key>
			<string>0</string>
			<key>defaultConfigurationName</key>
			<string>Release</string>
			<key>isa</key>
			<string>XCConfigurationList</string>
		</dict>
		<key>E06D7FB21CBE221F003001BD</key>
		<dict>
			<key>buildActionMask</key>
			<string>2147483647</string>
			<key>files</key>
			<array>
				<string>AEFD45AD1CEC4A3C00302E43</string>
				<string>E07CFC011CBE2CA0005BDFAA</string>
				<string>DA273FB81CBE5CB40049E7C8</string>
				<string>AE5416D81CDA14C8000EE06C</string>
				<string>AE5416DE1CDA3043000EE06C</string>
				<string>AEAFD2081CD0EE1A00759429</string>
				<string>AE5416D91CDA14C8000EE06C</string>
				<string>3ABEABA71CBE95E60058BC29</string>
				<string>E06D7FBA1CBE2220003001BD</string>
				<string>AE3E044D1CC779B60010C7EA</string>
				<string>E07CFBFF1CBE2B97005BDFAA</string>
				<string>AE9217211CC7704E00A3391C</string>
				<string>AEB03E041CC75B5C00FFEA38</string>
			</array>
			<key>isa</key>
			<string>PBXSourcesBuildPhase</string>
			<key>runOnlyForDeploymentPostprocessing</key>
			<string>0</string>
		</dict>
		<key>E06D7FB31CBE221F003001BD</key>
		<dict>
			<key>buildActionMask</key>
			<string>2147483647</string>
			<key>files</key>
			<array>
				<string>AE92172B1CC774BE00A3391C</string>
				<string>BE6BF3CD5911FE5F9635E134</string>
			</array>
			<key>isa</key>
			<string>PBXFrameworksBuildPhase</string>
			<key>runOnlyForDeploymentPostprocessing</key>
			<string>0</string>
		</dict>
		<key>E06D7FB41CBE221F003001BD</key>
		<dict>
			<key>buildActionMask</key>
			<string>2147483647</string>
			<key>files</key>
			<array>
				<string>E034AE7B1CC7C4E5003D77FE</string>
				<string>DAE8F6B21CD0FBF60081EA84</string>
				<string>E06D7FC41CBE2220003001BD</string>
				<string>E0DBB9C01CBE4E66009D6520</string>
				<string>E06D7FC11CBE2220003001BD</string>
			</array>
			<key>isa</key>
			<string>PBXResourcesBuildPhase</string>
			<key>runOnlyForDeploymentPostprocessing</key>
			<string>0</string>
		</dict>
		<key>E06D7FB51CBE221F003001BD</key>
		<dict>
			<key>buildConfigurationList</key>
			<string>E06D7FD31CBE2220003001BD</string>
			<key>buildPhases</key>
			<array>
				<string>281C97F59D476A6731D49CAA</string>
				<string>E06D7FB21CBE221F003001BD</string>
				<string>E06D7FB31CBE221F003001BD</string>
				<string>E06D7FB41CBE221F003001BD</string>
				<string>AE92172F1CC774BE00A3391C</string>
				<string>96FA118E79DA395B77184284</string>
				<string>373A3036302F464F37F64A62</string>
			</array>
			<key>buildRules</key>
			<array/>
			<key>dependencies</key>
			<array>
				<string>AE92172E1CC774BE00A3391C</string>
			</array>
			<key>isa</key>
			<string>PBXNativeTarget</string>
			<key>name</key>
			<string>Conari</string>
			<key>productName</key>
			<string>Conari</string>
			<key>productReference</key>
			<string>AEA97A8B1CE316C800781C88</string>
			<key>productType</key>
			<string>com.apple.product-type.application</string>
		</dict>
		<key>E06D7FB81CBE2220003001BD</key>
		<dict>
			<key>children</key>
			<array>
				<string>AE5416DD1CDA3043000EE06C</string>
				<string>AEFD45AC1CEC4A3C00302E43</string>
				<string>AE5416D61CDA14C8000EE06C</string>
				<string>AE5416D71CDA14C8000EE06C</string>
				<string>3ABEABA61CBE95E60058BC29</string>
				<string>E06D7FB91CBE2220003001BD</string>
				<string>E06D7FC01CBE2220003001BD</string>
				<string>AEB03E021CC75B5C00FFEA38</string>
				<string>AEAFD2071CD0EE1A00759429</string>
				<string>AE9217201CC7704E00A3391C</string>
				<string>DAE8F6B11CD0FBF60081EA84</string>
				<string>E06D7FC21CBE2220003001BD</string>
				<string>E06D7FC51CBE2220003001BD</string>
				<string>DA273FB71CBE5CB40049E7C8</string>
				<string>E07CFBFE1CBE2B97005BDFAA</string>
				<string>E07CFC001CBE2CA0005BDFAA</string>
				<string>AE3E044C1CC779B60010C7EA</string>
			</array>
			<key>isa</key>
			<string>PBXGroup</string>
			<key>path</key>
			<string>Conari</string>
			<key>sourceTree</key>
			<string>&lt;group&gt;</string>
		</dict>
		<key>E06D7FB91CBE2220003001BD</key>
		<dict>
			<key>isa</key>
			<string>PBXFileReference</string>
			<key>lastKnownFileType</key>
			<string>sourcecode.swift</string>
			<key>path</key>
			<string>AppDelegate.swift</string>
			<key>sourceTree</key>
			<string>&lt;group&gt;</string>
		</dict>
		<key>E06D7FBA1CBE2220003001BD</key>
		<dict>
			<key>fileRef</key>
			<string>E06D7FB91CBE2220003001BD</string>
			<key>isa</key>
			<string>PBXBuildFile</string>
		</dict>
		<key>E06D7FC01CBE2220003001BD</key>
		<dict>
			<key>isa</key>
			<string>PBXFileReference</string>
			<key>lastKnownFileType</key>
			<string>folder.assetcatalog</string>
			<key>path</key>
			<string>Assets.xcassets</string>
			<key>sourceTree</key>
			<string>&lt;group&gt;</string>
		</dict>
		<key>E06D7FC11CBE2220003001BD</key>
		<dict>
			<key>fileRef</key>
			<string>E06D7FC01CBE2220003001BD</string>
			<key>isa</key>
			<string>PBXBuildFile</string>
		</dict>
		<key>E06D7FC21CBE2220003001BD</key>
		<dict>
			<key>children</key>
			<array>
				<string>E06D7FC31CBE2220003001BD</string>
			</array>
			<key>isa</key>
			<string>PBXVariantGroup</string>
			<key>name</key>
			<string>LaunchScreen.storyboard</string>
			<key>sourceTree</key>
			<string>&lt;group&gt;</string>
		</dict>
		<key>E06D7FC31CBE2220003001BD</key>
		<dict>
			<key>isa</key>
			<string>PBXFileReference</string>
			<key>lastKnownFileType</key>
			<string>file.storyboard</string>
			<key>name</key>
			<string>Base</string>
			<key>path</key>
			<string>Base.lproj/LaunchScreen.storyboard</string>
			<key>sourceTree</key>
			<string>&lt;group&gt;</string>
		</dict>
		<key>E06D7FC41CBE2220003001BD</key>
		<dict>
			<key>fileRef</key>
			<string>E06D7FC21CBE2220003001BD</string>
			<key>isa</key>
			<string>PBXBuildFile</string>
		</dict>
		<key>E06D7FC51CBE2220003001BD</key>
		<dict>
			<key>isa</key>
			<string>PBXFileReference</string>
			<key>lastKnownFileType</key>
			<string>text.plist.xml</string>
			<key>path</key>
			<string>Info.plist</string>
			<key>sourceTree</key>
			<string>&lt;group&gt;</string>
		</dict>
		<key>E06D7FD11CBE2220003001BD</key>
		<dict>
			<key>buildSettings</key>
			<dict>
				<key>ALWAYS_SEARCH_USER_PATHS</key>
				<string>NO</string>
				<key>CLANG_ANALYZER_NONNULL</key>
				<string>YES</string>
				<key>CLANG_CXX_LANGUAGE_STANDARD</key>
				<string>gnu++0x</string>
				<key>CLANG_CXX_LIBRARY</key>
				<string>libc++</string>
				<key>CLANG_ENABLE_MODULES</key>
				<string>YES</string>
				<key>CLANG_ENABLE_OBJC_ARC</key>
				<string>YES</string>
				<key>CLANG_WARN_BOOL_CONVERSION</key>
				<string>YES</string>
				<key>CLANG_WARN_CONSTANT_CONVERSION</key>
				<string>YES</string>
				<key>CLANG_WARN_DIRECT_OBJC_ISA_USAGE</key>
				<string>YES_ERROR</string>
				<key>CLANG_WARN_EMPTY_BODY</key>
				<string>YES</string>
				<key>CLANG_WARN_ENUM_CONVERSION</key>
				<string>YES</string>
				<key>CLANG_WARN_INT_CONVERSION</key>
				<string>YES</string>
				<key>CLANG_WARN_OBJC_ROOT_CLASS</key>
				<string>YES_ERROR</string>
				<key>CLANG_WARN_UNREACHABLE_CODE</key>
				<string>YES</string>
				<key>CLANG_WARN__DUPLICATE_METHOD_MATCH</key>
				<string>YES</string>
				<key>CODE_SIGN_IDENTITY[sdk=iphoneos*]</key>
				<string>iPhone Developer</string>
				<key>COPY_PHASE_STRIP</key>
				<string>NO</string>
				<key>DEBUG_INFORMATION_FORMAT</key>
				<string>dwarf</string>
				<key>ENABLE_STRICT_OBJC_MSGSEND</key>
				<string>YES</string>
				<key>ENABLE_TESTABILITY</key>
				<string>YES</string>
				<key>GCC_C_LANGUAGE_STANDARD</key>
				<string>gnu99</string>
				<key>GCC_DYNAMIC_NO_PIC</key>
				<string>NO</string>
				<key>GCC_NO_COMMON_BLOCKS</key>
				<string>YES</string>
				<key>GCC_OPTIMIZATION_LEVEL</key>
				<string>0</string>
				<key>GCC_PREPROCESSOR_DEFINITIONS</key>
				<array>
					<string>DEBUG=1</string>
					<string>$(inherited)</string>
				</array>
				<key>GCC_WARN_64_TO_32_BIT_CONVERSION</key>
				<string>YES</string>
				<key>GCC_WARN_ABOUT_RETURN_TYPE</key>
				<string>YES_ERROR</string>
				<key>GCC_WARN_UNDECLARED_SELECTOR</key>
				<string>YES</string>
				<key>GCC_WARN_UNINITIALIZED_AUTOS</key>
				<string>YES_AGGRESSIVE</string>
				<key>GCC_WARN_UNUSED_FUNCTION</key>
				<string>YES</string>
				<key>GCC_WARN_UNUSED_VARIABLE</key>
				<string>YES</string>
				<key>IPHONEOS_DEPLOYMENT_TARGET</key>
				<string>9.3</string>
				<key>MTL_ENABLE_DEBUG_INFO</key>
				<string>YES</string>
				<key>ONLY_ACTIVE_ARCH</key>
				<string>YES</string>
				<key>SDKROOT</key>
				<string>iphoneos</string>
				<key>SWIFT_OPTIMIZATION_LEVEL</key>
				<string>-Onone</string>
				<key>TARGETED_DEVICE_FAMILY</key>
				<string>1,2</string>
			</dict>
			<key>isa</key>
			<string>XCBuildConfiguration</string>
			<key>name</key>
			<string>Debug</string>
		</dict>
		<key>E06D7FD21CBE2220003001BD</key>
		<dict>
			<key>buildSettings</key>
			<dict>
				<key>ALWAYS_SEARCH_USER_PATHS</key>
				<string>NO</string>
				<key>CLANG_ANALYZER_NONNULL</key>
				<string>YES</string>
				<key>CLANG_CXX_LANGUAGE_STANDARD</key>
				<string>gnu++0x</string>
				<key>CLANG_CXX_LIBRARY</key>
				<string>libc++</string>
				<key>CLANG_ENABLE_MODULES</key>
				<string>YES</string>
				<key>CLANG_ENABLE_OBJC_ARC</key>
				<string>YES</string>
				<key>CLANG_WARN_BOOL_CONVERSION</key>
				<string>YES</string>
				<key>CLANG_WARN_CONSTANT_CONVERSION</key>
				<string>YES</string>
				<key>CLANG_WARN_DIRECT_OBJC_ISA_USAGE</key>
				<string>YES_ERROR</string>
				<key>CLANG_WARN_EMPTY_BODY</key>
				<string>YES</string>
				<key>CLANG_WARN_ENUM_CONVERSION</key>
				<string>YES</string>
				<key>CLANG_WARN_INT_CONVERSION</key>
				<string>YES</string>
				<key>CLANG_WARN_OBJC_ROOT_CLASS</key>
				<string>YES_ERROR</string>
				<key>CLANG_WARN_UNREACHABLE_CODE</key>
				<string>YES</string>
				<key>CLANG_WARN__DUPLICATE_METHOD_MATCH</key>
				<string>YES</string>
				<key>CODE_SIGN_IDENTITY[sdk=iphoneos*]</key>
				<string>iPhone Developer</string>
				<key>COPY_PHASE_STRIP</key>
				<string>NO</string>
				<key>DEBUG_INFORMATION_FORMAT</key>
				<string>dwarf-with-dsym</string>
				<key>ENABLE_NS_ASSERTIONS</key>
				<string>NO</string>
				<key>ENABLE_STRICT_OBJC_MSGSEND</key>
				<string>YES</string>
				<key>GCC_C_LANGUAGE_STANDARD</key>
				<string>gnu99</string>
				<key>GCC_NO_COMMON_BLOCKS</key>
				<string>YES</string>
				<key>GCC_WARN_64_TO_32_BIT_CONVERSION</key>
				<string>YES</string>
				<key>GCC_WARN_ABOUT_RETURN_TYPE</key>
				<string>YES_ERROR</string>
				<key>GCC_WARN_UNDECLARED_SELECTOR</key>
				<string>YES</string>
				<key>GCC_WARN_UNINITIALIZED_AUTOS</key>
				<string>YES_AGGRESSIVE</string>
				<key>GCC_WARN_UNUSED_FUNCTION</key>
				<string>YES</string>
				<key>GCC_WARN_UNUSED_VARIABLE</key>
				<string>YES</string>
				<key>IPHONEOS_DEPLOYMENT_TARGET</key>
				<string>9.3</string>
				<key>MTL_ENABLE_DEBUG_INFO</key>
				<string>NO</string>
				<key>SDKROOT</key>
				<string>iphoneos</string>
				<key>TARGETED_DEVICE_FAMILY</key>
				<string>1,2</string>
				<key>VALIDATE_PRODUCT</key>
				<string>YES</string>
			</dict>
			<key>isa</key>
			<string>XCBuildConfiguration</string>
			<key>name</key>
			<string>Release</string>
		</dict>
		<key>E06D7FD31CBE2220003001BD</key>
		<dict>
			<key>buildConfigurations</key>
			<array>
				<string>E06D7FD41CBE2220003001BD</string>
				<string>E06D7FD51CBE2220003001BD</string>
			</array>
			<key>defaultConfigurationIsVisible</key>
			<string>0</string>
			<key>defaultConfigurationName</key>
			<string>Release</string>
			<key>isa</key>
			<string>XCConfigurationList</string>
		</dict>
		<key>E06D7FD41CBE2220003001BD</key>
		<dict>
			<key>baseConfigurationReference</key>
			<string>BF42A6E4429CF801BFA1819D</string>
			<key>buildSettings</key>
			<dict>
				<key>ASSETCATALOG_COMPILER_APPICON_NAME</key>
				<string>AppIcon</string>
				<key>EMBEDDED_CONTENT_CONTAINS_SWIFT</key>
				<string>YES</string>
				<key>INFOPLIST_FILE</key>
				<string>Conari/Info.plist</string>
				<key>LD_RUNPATH_SEARCH_PATHS</key>
				<string>$(inherited) @executable_path/Frameworks</string>
				<key>PRODUCT_BUNDLE_IDENTIFIER</key>
				<string>at.software2016.Developer5.Conari</string>
				<key>PRODUCT_NAME</key>
				<string>$(TARGET_NAME)</string>
			</dict>
			<key>isa</key>
			<string>XCBuildConfiguration</string>
			<key>name</key>
			<string>Debug</string>
		</dict>
		<key>E06D7FD51CBE2220003001BD</key>
		<dict>
			<key>baseConfigurationReference</key>
			<string>44E5B82C5FA1522B4CC3C606</string>
			<key>buildSettings</key>
			<dict>
				<key>ASSETCATALOG_COMPILER_APPICON_NAME</key>
				<string>AppIcon</string>
				<key>CODE_SIGN_IDENTITY</key>
				<string>iPhone Developer</string>
				<key>EMBEDDED_CONTENT_CONTAINS_SWIFT</key>
				<string>YES</string>
				<key>INFOPLIST_FILE</key>
				<string>Conari/Info.plist</string>
				<key>LD_RUNPATH_SEARCH_PATHS</key>
				<string>$(inherited) @executable_path/Frameworks</string>
				<key>PRODUCT_BUNDLE_IDENTIFIER</key>
				<string>at.software2016.Developer5.Conari</string>
				<key>PRODUCT_NAME</key>
				<string>$(TARGET_NAME)</string>
			</dict>
			<key>isa</key>
			<string>XCBuildConfiguration</string>
			<key>name</key>
			<string>Release</string>
		</dict>
		<key>E07CFBFE1CBE2B97005BDFAA</key>
		<dict>
			<key>fileEncoding</key>
			<string>4</string>
			<key>isa</key>
			<string>PBXFileReference</string>
			<key>lastKnownFileType</key>
			<string>sourcecode.swift</string>
			<key>path</key>
			<string>WelcomeScreenViewController.swift</string>
			<key>sourceTree</key>
			<string>&lt;group&gt;</string>
		</dict>
		<key>E07CFBFF1CBE2B97005BDFAA</key>
		<dict>
			<key>fileRef</key>
			<string>E07CFBFE1CBE2B97005BDFAA</string>
			<key>isa</key>
			<string>PBXBuildFile</string>
		</dict>
		<key>E07CFC001CBE2CA0005BDFAA</key>
		<dict>
			<key>fileEncoding</key>
			<string>4</string>
			<key>isa</key>
			<string>PBXFileReference</string>
			<key>lastKnownFileType</key>
			<string>sourcecode.swift</string>
			<key>path</key>
			<string>LoginViewController.swift</string>
			<key>sourceTree</key>
			<string>&lt;group&gt;</string>
		</dict>
		<key>E07CFC011CBE2CA0005BDFAA</key>
		<dict>
			<key>fileRef</key>
			<string>E07CFC001CBE2CA0005BDFAA</string>
			<key>isa</key>
			<string>PBXBuildFile</string>
		</dict>
		<key>E0DBB9BF1CBE4E66009D6520</key>
		<dict>
			<key>isa</key>
			<string>PBXFileReference</string>
			<key>lastKnownFileType</key>
			<string>folder</string>
			<key>path</key>
			<string>Icon</string>
			<key>sourceTree</key>
			<string>&lt;group&gt;</string>
		</dict>
		<key>E0DBB9C01CBE4E66009D6520</key>
		<dict>
			<key>fileRef</key>
			<string>E0DBB9BF1CBE4E66009D6520</string>
			<key>isa</key>
			<string>PBXBuildFile</string>
		</dict>
		<key>E0F556831CC7CA830070F3FE</key>
		<dict>
			<key>fileEncoding</key>
			<string>4</string>
			<key>isa</key>
			<string>PBXFileReference</string>
			<key>lastKnownFileType</key>
			<string>text</string>
			<key>path</key>
			<string>.gitignore</string>
			<key>sourceTree</key>
			<string>&lt;group&gt;</string>
		</dict>
	</dict>
	<key>rootObject</key>
	<string>E06D7FAE1CBE221F003001BD</string>
</dict>
</plist>
