// !$*UTF8*$!
{
	archiveVersion = 1;
	classes = {
	};
	objectVersion = 46;
	objects = {

/* Begin PBXBuildFile section */
		E06D7FBA1CBE2220003001BD /* AppDelegate.swift in Sources */ = {isa = PBXBuildFile; fileRef = E06D7FB91CBE2220003001BD /* AppDelegate.swift */; };
		E06D7FBC1CBE2220003001BD /* ViewController.swift in Sources */ = {isa = PBXBuildFile; fileRef = E06D7FBB1CBE2220003001BD /* ViewController.swift */; };
		E06D7FBF1CBE2220003001BD /* Main.storyboard in Resources */ = {isa = PBXBuildFile; fileRef = E06D7FBD1CBE2220003001BD /* Main.storyboard */; };
		E06D7FC11CBE2220003001BD /* Assets.xcassets in Resources */ = {isa = PBXBuildFile; fileRef = E06D7FC01CBE2220003001BD /* Assets.xcassets */; };
		E06D7FC41CBE2220003001BD /* LaunchScreen.storyboard in Resources */ = {isa = PBXBuildFile; fileRef = E06D7FC21CBE2220003001BD /* LaunchScreen.storyboard */; };
		E06D7FCF1CBE2220003001BD /* ConariTests.swift in Sources */ = {isa = PBXBuildFile; fileRef = E06D7FCE1CBE2220003001BD /* ConariTests.swift */; };
		E07CFBFF1CBE2B97005BDFAA /* WelcomeScreenViewController.swift in Sources */ = {isa = PBXBuildFile; fileRef = E07CFBFE1CBE2B97005BDFAA /* WelcomeScreenViewController.swift */; };
		E07CFC011CBE2CA0005BDFAA /* LoginViewController.swift in Sources */ = {isa = PBXBuildFile; fileRef = E07CFC001CBE2CA0005BDFAA /* LoginViewController.swift */; };
		E0DBB9C01CBE4E66009D6520 /* Icon in Resources */ = {isa = PBXBuildFile; fileRef = E0DBB9BF1CBE4E66009D6520 /* Icon */; };
		E0DBB9C81CBE5445009D6520 /* ConariUITests.swift in Sources */ = {isa = PBXBuildFile; fileRef = E0DBB9C71CBE5445009D6520 /* ConariUITests.swift */; };
/* End PBXBuildFile section */

/* Begin PBXContainerItemProxy section */
		E06D7FCB1CBE2220003001BD /* PBXContainerItemProxy */ = {
			isa = PBXContainerItemProxy;
			containerPortal = E06D7FAE1CBE221F003001BD /* Project object */;
			proxyType = 1;
			remoteGlobalIDString = E06D7FB51CBE221F003001BD;
			remoteInfo = Conari;
		};
		E0DBB9CA1CBE5445009D6520 /* PBXContainerItemProxy */ = {
			isa = PBXContainerItemProxy;
			containerPortal = E06D7FAE1CBE221F003001BD /* Project object */;
			proxyType = 1;
			remoteGlobalIDString = E06D7FB51CBE221F003001BD;
			remoteInfo = Conari;
		};
/* End PBXContainerItemProxy section */

/* Begin PBXFileReference section */
		E06D7FB61CBE2220003001BD /* Conari.app */ = {isa = PBXFileReference; explicitFileType = wrapper.application; includeInIndex = 0; path = Conari.app; sourceTree = BUILT_PRODUCTS_DIR; };
		E06D7FB91CBE2220003001BD /* AppDelegate.swift */ = {isa = PBXFileReference; lastKnownFileType = sourcecode.swift; path = AppDelegate.swift; sourceTree = "<group>"; };
		E06D7FBB1CBE2220003001BD /* ViewController.swift */ = {isa = PBXFileReference; lastKnownFileType = sourcecode.swift; path = ViewController.swift; sourceTree = "<group>"; };
		E06D7FBE1CBE2220003001BD /* Base */ = {isa = PBXFileReference; lastKnownFileType = file.storyboard; name = Base; path = Base.lproj/Main.storyboard; sourceTree = "<group>"; };
		E06D7FC01CBE2220003001BD /* Assets.xcassets */ = {isa = PBXFileReference; lastKnownFileType = folder.assetcatalog; path = Assets.xcassets; sourceTree = "<group>"; };
		E06D7FC31CBE2220003001BD /* Base */ = {isa = PBXFileReference; lastKnownFileType = file.storyboard; name = Base; path = Base.lproj/LaunchScreen.storyboard; sourceTree = "<group>"; };
		E06D7FC51CBE2220003001BD /* Info.plist */ = {isa = PBXFileReference; lastKnownFileType = text.plist.xml; path = Info.plist; sourceTree = "<group>"; };
		E06D7FCA1CBE2220003001BD /* ConariTests.xctest */ = {isa = PBXFileReference; explicitFileType = wrapper.cfbundle; includeInIndex = 0; path = ConariTests.xctest; sourceTree = BUILT_PRODUCTS_DIR; };
		E06D7FCE1CBE2220003001BD /* ConariTests.swift */ = {isa = PBXFileReference; lastKnownFileType = sourcecode.swift; path = ConariTests.swift; sourceTree = "<group>"; };
		E06D7FD01CBE2220003001BD /* Info.plist */ = {isa = PBXFileReference; lastKnownFileType = text.plist.xml; path = Info.plist; sourceTree = "<group>"; };
		E07CFBFE1CBE2B97005BDFAA /* WelcomeScreenViewController.swift */ = {isa = PBXFileReference; fileEncoding = 4; lastKnownFileType = sourcecode.swift; path = WelcomeScreenViewController.swift; sourceTree = "<group>"; };
		E07CFC001CBE2CA0005BDFAA /* LoginViewController.swift */ = {isa = PBXFileReference; fileEncoding = 4; lastKnownFileType = sourcecode.swift; path = LoginViewController.swift; sourceTree = "<group>"; };
		E0DBB9BF1CBE4E66009D6520 /* Icon */ = {isa = PBXFileReference; lastKnownFileType = folder; path = Icon; sourceTree = "<group>"; };
		E0DBB9C51CBE5445009D6520 /* ConariUITests.xctest */ = {isa = PBXFileReference; explicitFileType = wrapper.cfbundle; includeInIndex = 0; path = ConariUITests.xctest; sourceTree = BUILT_PRODUCTS_DIR; };
		E0DBB9C71CBE5445009D6520 /* ConariUITests.swift */ = {isa = PBXFileReference; lastKnownFileType = sourcecode.swift; path = ConariUITests.swift; sourceTree = "<group>"; };
		E0DBB9C91CBE5445009D6520 /* Info.plist */ = {isa = PBXFileReference; lastKnownFileType = text.plist.xml; path = Info.plist; sourceTree = "<group>"; };
/* End PBXFileReference section */

/* Begin PBXFrameworksBuildPhase section */
		E06D7FB31CBE221F003001BD /* Frameworks */ = {
			isa = PBXFrameworksBuildPhase;
			buildActionMask = 2147483647;
			files = (
			);
			runOnlyForDeploymentPostprocessing = 0;
		};
		E06D7FC71CBE2220003001BD /* Frameworks */ = {
			isa = PBXFrameworksBuildPhase;
			buildActionMask = 2147483647;
			files = (
			);
			runOnlyForDeploymentPostprocessing = 0;
		};
		E0DBB9C21CBE5445009D6520 /* Frameworks */ = {
			isa = PBXFrameworksBuildPhase;
			buildActionMask = 2147483647;
			files = (
			);
			runOnlyForDeploymentPostprocessing = 0;
		};
/* End PBXFrameworksBuildPhase section */

/* Begin PBXGroup section */
		E06D7FAD1CBE221F003001BD = {
			isa = PBXGroup;
			children = (
				E0DBB9BF1CBE4E66009D6520 /* Icon */,
				E06D7FB81CBE2220003001BD /* Conari */,
				E06D7FCD1CBE2220003001BD /* ConariTests */,
				E0DBB9C61CBE5445009D6520 /* ConariUITests */,
				E06D7FB71CBE2220003001BD /* Products */,
			);
			sourceTree = "<group>";
		};
		E06D7FB71CBE2220003001BD /* Products */ = {
			isa = PBXGroup;
			children = (
				E06D7FB61CBE2220003001BD /* Conari.app */,
				E06D7FCA1CBE2220003001BD /* ConariTests.xctest */,
				E0DBB9C51CBE5445009D6520 /* ConariUITests.xctest */,
			);
			name = Products;
			sourceTree = "<group>";
		};
		E06D7FB81CBE2220003001BD /* Conari */ = {
			isa = PBXGroup;
			children = (
				E06D7FB91CBE2220003001BD /* AppDelegate.swift */,
				E06D7FBB1CBE2220003001BD /* ViewController.swift */,
				E06D7FBD1CBE2220003001BD /* Main.storyboard */,
				E06D7FC01CBE2220003001BD /* Assets.xcassets */,
				E06D7FC21CBE2220003001BD /* LaunchScreen.storyboard */,
				E06D7FC51CBE2220003001BD /* Info.plist */,
				E07CFBFE1CBE2B97005BDFAA /* WelcomeScreenViewController.swift */,
				E07CFC001CBE2CA0005BDFAA /* LoginViewController.swift */,
			);
			path = Conari;
			sourceTree = "<group>";
		};
		E06D7FCD1CBE2220003001BD /* ConariTests */ = {
			isa = PBXGroup;
			children = (
				E06D7FCE1CBE2220003001BD /* ConariTests.swift */,
				E06D7FD01CBE2220003001BD /* Info.plist */,
			);
			path = ConariTests;
			sourceTree = "<group>";
		};
		E0DBB9C61CBE5445009D6520 /* ConariUITests */ = {
			isa = PBXGroup;
			children = (
				E0DBB9C71CBE5445009D6520 /* ConariUITests.swift */,
				E0DBB9C91CBE5445009D6520 /* Info.plist */,
			);
			path = ConariUITests;
			sourceTree = "<group>";
		};
/* End PBXGroup section */

/* Begin PBXNativeTarget section */
		E06D7FB51CBE221F003001BD /* Conari */ = {
			isa = PBXNativeTarget;
			buildConfigurationList = E06D7FD31CBE2220003001BD /* Build configuration list for PBXNativeTarget "Conari" */;
			buildPhases = (
				E06D7FB21CBE221F003001BD /* Sources */,
				E06D7FB31CBE221F003001BD /* Frameworks */,
				E06D7FB41CBE221F003001BD /* Resources */,
			);
			buildRules = (
			);
			dependencies = (
			);
			name = Conari;
			productName = Conari;
			productReference = E06D7FB61CBE2220003001BD /* Conari.app */;
			productType = "com.apple.product-type.application";
		};
		E06D7FC91CBE2220003001BD /* ConariTests */ = {
			isa = PBXNativeTarget;
			buildConfigurationList = E06D7FD61CBE2220003001BD /* Build configuration list for PBXNativeTarget "ConariTests" */;
			buildPhases = (
				E06D7FC61CBE2220003001BD /* Sources */,
				E06D7FC71CBE2220003001BD /* Frameworks */,
				E06D7FC81CBE2220003001BD /* Resources */,
			);
			buildRules = (
			);
			dependencies = (
				E06D7FCC1CBE2220003001BD /* PBXTargetDependency */,
			);
			name = ConariTests;
			productName = ConariTests;
			productReference = E06D7FCA1CBE2220003001BD /* ConariTests.xctest */;
			productType = "com.apple.product-type.bundle.unit-test";
		};
		E0DBB9C41CBE5445009D6520 /* ConariUITests */ = {
			isa = PBXNativeTarget;
			buildConfigurationList = E0DBB9CC1CBE5445009D6520 /* Build configuration list for PBXNativeTarget "ConariUITests" */;
			buildPhases = (
				E0DBB9C11CBE5445009D6520 /* Sources */,
				E0DBB9C21CBE5445009D6520 /* Frameworks */,
				E0DBB9C31CBE5445009D6520 /* Resources */,
			);
			buildRules = (
			);
			dependencies = (
				E0DBB9CB1CBE5445009D6520 /* PBXTargetDependency */,
			);
			name = ConariUITests;
			productName = ConariUITests;
			productReference = E0DBB9C51CBE5445009D6520 /* ConariUITests.xctest */;
			productType = "com.apple.product-type.bundle.ui-testing";
		};
/* End PBXNativeTarget section */

/* Begin PBXProject section */
		E06D7FAE1CBE221F003001BD /* Project object */ = {
			isa = PBXProject;
			attributes = {
				LastSwiftUpdateCheck = 0730;
				LastUpgradeCheck = 0730;
				ORGANIZATIONNAME = "Markus Friedl";
				TargetAttributes = {
					E06D7FB51CBE221F003001BD = {
						CreatedOnToolsVersion = 7.3;
					};
					E06D7FC91CBE2220003001BD = {
						CreatedOnToolsVersion = 7.3;
						TestTargetID = E06D7FB51CBE221F003001BD;
					};
					E0DBB9C41CBE5445009D6520 = {
						CreatedOnToolsVersion = 7.3;
						TestTargetID = E06D7FB51CBE221F003001BD;
					};
				};
			};
			buildConfigurationList = E06D7FB11CBE221F003001BD /* Build configuration list for PBXProject "Conari" */;
			compatibilityVersion = "Xcode 3.2";
			developmentRegion = English;
			hasScannedForEncodings = 0;
			knownRegions = (
				en,
				Base,
			);
			mainGroup = E06D7FAD1CBE221F003001BD;
			productRefGroup = E06D7FB71CBE2220003001BD /* Products */;
			projectDirPath = "";
			projectRoot = "";
			targets = (
				E06D7FB51CBE221F003001BD /* Conari */,
				E06D7FC91CBE2220003001BD /* ConariTests */,
				E0DBB9C41CBE5445009D6520 /* ConariUITests */,
			);
		};
/* End PBXProject section */

/* Begin PBXResourcesBuildPhase section */
		E06D7FB41CBE221F003001BD /* Resources */ = {
			isa = PBXResourcesBuildPhase;
			buildActionMask = 2147483647;
			files = (
				E06D7FC41CBE2220003001BD /* LaunchScreen.storyboard in Resources */,
				E0DBB9C01CBE4E66009D6520 /* Icon in Resources */,
				E06D7FC11CBE2220003001BD /* Assets.xcassets in Resources */,
				E06D7FBF1CBE2220003001BD /* Main.storyboard in Resources */,
			);
			runOnlyForDeploymentPostprocessing = 0;
		};
		E06D7FC81CBE2220003001BD /* Resources */ = {
			isa = PBXResourcesBuildPhase;
			buildActionMask = 2147483647;
			files = (
			);
			runOnlyForDeploymentPostprocessing = 0;
		};
		E0DBB9C31CBE5445009D6520 /* Resources */ = {
			isa = PBXResourcesBuildPhase;
			buildActionMask = 2147483647;
			files = (
			);
			runOnlyForDeploymentPostprocessing = 0;
		};
/* End PBXResourcesBuildPhase section */

/* Begin PBXSourcesBuildPhase section */
		E06D7FB21CBE221F003001BD /* Sources */ = {
			isa = PBXSourcesBuildPhase;
			buildActionMask = 2147483647;
			files = (
				E07CFC011CBE2CA0005BDFAA /* LoginViewController.swift in Sources */,
				E06D7FBC1CBE2220003001BD /* ViewController.swift in Sources */,
				E06D7FBA1CBE2220003001BD /* AppDelegate.swift in Sources */,
				E07CFBFF1CBE2B97005BDFAA /* WelcomeScreenViewController.swift in Sources */,
			);
			runOnlyForDeploymentPostprocessing = 0;
		};
		E06D7FC61CBE2220003001BD /* Sources */ = {
			isa = PBXSourcesBuildPhase;
			buildActionMask = 2147483647;
			files = (
				E06D7FCF1CBE2220003001BD /* ConariTests.swift in Sources */,
			);
			runOnlyForDeploymentPostprocessing = 0;
		};
		E0DBB9C11CBE5445009D6520 /* Sources */ = {
			isa = PBXSourcesBuildPhase;
			buildActionMask = 2147483647;
			files = (
				E0DBB9C81CBE5445009D6520 /* ConariUITests.swift in Sources */,
			);
			runOnlyForDeploymentPostprocessing = 0;
		};
/* End PBXSourcesBuildPhase section */

/* Begin PBXTargetDependency section */
		E06D7FCC1CBE2220003001BD /* PBXTargetDependency */ = {
			isa = PBXTargetDependency;
			target = E06D7FB51CBE221F003001BD /* Conari */;
			targetProxy = E06D7FCB1CBE2220003001BD /* PBXContainerItemProxy */;
		};
		E0DBB9CB1CBE5445009D6520 /* PBXTargetDependency */ = {
			isa = PBXTargetDependency;
			target = E06D7FB51CBE221F003001BD /* Conari */;
			targetProxy = E0DBB9CA1CBE5445009D6520 /* PBXContainerItemProxy */;
		};
/* End PBXTargetDependency section */

/* Begin PBXVariantGroup section */
		E06D7FBD1CBE2220003001BD /* Main.storyboard */ = {
			isa = PBXVariantGroup;
			children = (
				E06D7FBE1CBE2220003001BD /* Base */,
			);
			name = Main.storyboard;
			sourceTree = "<group>";
		};
		E06D7FC21CBE2220003001BD /* LaunchScreen.storyboard */ = {
			isa = PBXVariantGroup;
			children = (
				E06D7FC31CBE2220003001BD /* Base */,
			);
			name = LaunchScreen.storyboard;
			sourceTree = "<group>";
		};
/* End PBXVariantGroup section */

/* Begin XCBuildConfiguration section */
		E06D7FD11CBE2220003001BD /* Debug */ = {
			isa = XCBuildConfiguration;
			buildSettings = {
				ALWAYS_SEARCH_USER_PATHS = NO;
				CLANG_ANALYZER_NONNULL = YES;
				CLANG_CXX_LANGUAGE_STANDARD = "gnu++0x";
				CLANG_CXX_LIBRARY = "libc++";
				CLANG_ENABLE_MODULES = YES;
				CLANG_ENABLE_OBJC_ARC = YES;
				CLANG_WARN_BOOL_CONVERSION = YES;
				CLANG_WARN_CONSTANT_CONVERSION = YES;
				CLANG_WARN_DIRECT_OBJC_ISA_USAGE = YES_ERROR;
				CLANG_WARN_EMPTY_BODY = YES;
				CLANG_WARN_ENUM_CONVERSION = YES;
				CLANG_WARN_INT_CONVERSION = YES;
				CLANG_WARN_OBJC_ROOT_CLASS = YES_ERROR;
				CLANG_WARN_UNREACHABLE_CODE = YES;
				CLANG_WARN__DUPLICATE_METHOD_MATCH = YES;
				"CODE_SIGN_IDENTITY[sdk=iphoneos*]" = "iPhone Developer";
				COPY_PHASE_STRIP = NO;
				DEBUG_INFORMATION_FORMAT = dwarf;
				ENABLE_STRICT_OBJC_MSGSEND = YES;
				ENABLE_TESTABILITY = YES;
				GCC_C_LANGUAGE_STANDARD = gnu99;
				GCC_DYNAMIC_NO_PIC = NO;
				GCC_NO_COMMON_BLOCKS = YES;
				GCC_OPTIMIZATION_LEVEL = 0;
				GCC_PREPROCESSOR_DEFINITIONS = (
					"DEBUG=1",
					"$(inherited)",
				);
				GCC_WARN_64_TO_32_BIT_CONVERSION = YES;
				GCC_WARN_ABOUT_RETURN_TYPE = YES_ERROR;
				GCC_WARN_UNDECLARED_SELECTOR = YES;
				GCC_WARN_UNINITIALIZED_AUTOS = YES_AGGRESSIVE;
				GCC_WARN_UNUSED_FUNCTION = YES;
				GCC_WARN_UNUSED_VARIABLE = YES;
				IPHONEOS_DEPLOYMENT_TARGET = 9.3;
				MTL_ENABLE_DEBUG_INFO = YES;
				ONLY_ACTIVE_ARCH = YES;
				SDKROOT = iphoneos;
				SWIFT_OPTIMIZATION_LEVEL = "-Onone";
				TARGETED_DEVICE_FAMILY = "1,2";
			};
			name = Debug;
		};
		E06D7FD21CBE2220003001BD /* Release */ = {
			isa = XCBuildConfiguration;
			buildSettings = {
				ALWAYS_SEARCH_USER_PATHS = NO;
				CLANG_ANALYZER_NONNULL = YES;
				CLANG_CXX_LANGUAGE_STANDARD = "gnu++0x";
				CLANG_CXX_LIBRARY = "libc++";
				CLANG_ENABLE_MODULES = YES;
				CLANG_ENABLE_OBJC_ARC = YES;
				CLANG_WARN_BOOL_CONVERSION = YES;
				CLANG_WARN_CONSTANT_CONVERSION = YES;
				CLANG_WARN_DIRECT_OBJC_ISA_USAGE = YES_ERROR;
				CLANG_WARN_EMPTY_BODY = YES;
				CLANG_WARN_ENUM_CONVERSION = YES;
				CLANG_WARN_INT_CONVERSION = YES;
				CLANG_WARN_OBJC_ROOT_CLASS = YES_ERROR;
				CLANG_WARN_UNREACHABLE_CODE = YES;
				CLANG_WARN__DUPLICATE_METHOD_MATCH = YES;
				"CODE_SIGN_IDENTITY[sdk=iphoneos*]" = "iPhone Developer";
				COPY_PHASE_STRIP = NO;
				DEBUG_INFORMATION_FORMAT = "dwarf-with-dsym";
				ENABLE_NS_ASSERTIONS = NO;
				ENABLE_STRICT_OBJC_MSGSEND = YES;
				GCC_C_LANGUAGE_STANDARD = gnu99;
				GCC_NO_COMMON_BLOCKS = YES;
				GCC_WARN_64_TO_32_BIT_CONVERSION = YES;
				GCC_WARN_ABOUT_RETURN_TYPE = YES_ERROR;
				GCC_WARN_UNDECLARED_SELECTOR = YES;
				GCC_WARN_UNINITIALIZED_AUTOS = YES_AGGRESSIVE;
				GCC_WARN_UNUSED_FUNCTION = YES;
				GCC_WARN_UNUSED_VARIABLE = YES;
				IPHONEOS_DEPLOYMENT_TARGET = 9.3;
				MTL_ENABLE_DEBUG_INFO = NO;
				SDKROOT = iphoneos;
				TARGETED_DEVICE_FAMILY = "1,2";
				VALIDATE_PRODUCT = YES;
			};
			name = Release;
		};
		E06D7FD41CBE2220003001BD /* Debug */ = {
			isa = XCBuildConfiguration;
			buildSettings = {
				ASSETCATALOG_COMPILER_APPICON_NAME = AppIcon;
				INFOPLIST_FILE = Conari/Info.plist;
				LD_RUNPATH_SEARCH_PATHS = "$(inherited) @executable_path/Frameworks";
				PRODUCT_BUNDLE_IDENTIFIER = at.software2016.Developer5.Conari;
				PRODUCT_NAME = "$(TARGET_NAME)";
			};
			name = Debug;
		};
		E06D7FD51CBE2220003001BD /* Release */ = {
			isa = XCBuildConfiguration;
			buildSettings = {
				ASSETCATALOG_COMPILER_APPICON_NAME = AppIcon;
				INFOPLIST_FILE = Conari/Info.plist;
				LD_RUNPATH_SEARCH_PATHS = "$(inherited) @executable_path/Frameworks";
				PRODUCT_BUNDLE_IDENTIFIER = at.software2016.Developer5.Conari;
				PRODUCT_NAME = "$(TARGET_NAME)";
			};
			name = Release;
		};
		E06D7FD71CBE2220003001BD /* Debug */ = {
			isa = XCBuildConfiguration;
			buildSettings = {
				BUNDLE_LOADER = "$(TEST_HOST)";
				INFOPLIST_FILE = ConariTests/Info.plist;
				LD_RUNPATH_SEARCH_PATHS = "$(inherited) @executable_path/Frameworks @loader_path/Frameworks";
				PRODUCT_BUNDLE_IDENTIFIER = at.software2016.Developer5.ConariTests;
				PRODUCT_NAME = "$(TARGET_NAME)";
				TEST_HOST = "$(BUILT_PRODUCTS_DIR)/Conari.app/Conari";
			};
			name = Debug;
		};
		E06D7FD81CBE2220003001BD /* Release */ = {
			isa = XCBuildConfiguration;
			buildSettings = {
				BUNDLE_LOADER = "$(TEST_HOST)";
				INFOPLIST_FILE = ConariTests/Info.plist;
				LD_RUNPATH_SEARCH_PATHS = "$(inherited) @executable_path/Frameworks @loader_path/Frameworks";
				PRODUCT_BUNDLE_IDENTIFIER = at.software2016.Developer5.ConariTests;
				PRODUCT_NAME = "$(TARGET_NAME)";
				TEST_HOST = "$(BUILT_PRODUCTS_DIR)/Conari.app/Conari";
			};
			name = Release;
		};
		E0DBB9CD1CBE5445009D6520 /* Debug */ = {
			isa = XCBuildConfiguration;
			buildSettings = {
				INFOPLIST_FILE = ConariUITests/Info.plist;
				LD_RUNPATH_SEARCH_PATHS = "$(inherited) @executable_path/Frameworks @loader_path/Frameworks";
				PRODUCT_BUNDLE_IDENTIFIER = at.software2016.Developer5.ConariUITests;
				PRODUCT_NAME = "$(TARGET_NAME)";
				TEST_TARGET_NAME = Conari;
			};
			name = Debug;
		};
		E0DBB9CE1CBE5445009D6520 /* Release */ = {
			isa = XCBuildConfiguration;
			buildSettings = {
				INFOPLIST_FILE = ConariUITests/Info.plist;
				LD_RUNPATH_SEARCH_PATHS = "$(inherited) @executable_path/Frameworks @loader_path/Frameworks";
				PRODUCT_BUNDLE_IDENTIFIER = at.software2016.Developer5.ConariUITests;
				PRODUCT_NAME = "$(TARGET_NAME)";
				TEST_TARGET_NAME = Conari;
			};
			name = Release;
		};
/* End XCBuildConfiguration section */

/* Begin XCConfigurationList section */
		E06D7FB11CBE221F003001BD /* Build configuration list for PBXProject "Conari" */ = {
			isa = XCConfigurationList;
			buildConfigurations = (
				E06D7FD11CBE2220003001BD /* Debug */,
				E06D7FD21CBE2220003001BD /* Release */,
			);
			defaultConfigurationIsVisible = 0;
			defaultConfigurationName = Release;
		};
		E06D7FD31CBE2220003001BD /* Build configuration list for PBXNativeTarget "Conari" */ = {
			isa = XCConfigurationList;
			buildConfigurations = (
				E06D7FD41CBE2220003001BD /* Debug */,
				E06D7FD51CBE2220003001BD /* Release */,
			);
			defaultConfigurationIsVisible = 0;
			defaultConfigurationName = Release;
		};
		E06D7FD61CBE2220003001BD /* Build configuration list for PBXNativeTarget "ConariTests" */ = {
			isa = XCConfigurationList;
			buildConfigurations = (
				E06D7FD71CBE2220003001BD /* Debug */,
				E06D7FD81CBE2220003001BD /* Release */,
			);
			defaultConfigurationIsVisible = 0;
			defaultConfigurationName = Release;
		};
		E0DBB9CC1CBE5445009D6520 /* Build configuration list for PBXNativeTarget "ConariUITests" */ = {
			isa = XCConfigurationList;
			buildConfigurations = (
				E0DBB9CD1CBE5445009D6520 /* Debug */,
				E0DBB9CE1CBE5445009D6520 /* Release */,
			);
			defaultConfigurationIsVisible = 0;
			defaultConfigurationName = Release;
		};
/* End XCConfigurationList section */
	};
	rootObject = E06D7FAE1CBE221F003001BD /* Project object */;
}
