PODS:
  - Alamofire (3.4.0)
  - RichEditorView (3.2.0)
  - SDWebImage (3.7.6):
    - SDWebImage/Core (= 3.7.6)
  - SDWebImage/Core (3.7.6)
  - YouTubePlayer (0.3.0)

DEPENDENCIES:
  - Alamofire
  - RichEditorView
  - SDWebImage (~> 3.7)
  - YouTubePlayer

SPEC CHECKSUMS:
  Alamofire: c19a627cefd6a95f840401c49ab1f124e07f54ee
  RichEditorView: b4ee60a4f5301cbe8f3fcb1f065cdd7de74ddd10
  SDWebImage: c325cf02c30337336b95beff20a13df489ec0ec9
  YouTubePlayer: 88713a96c356f2c88da8925eb61438eda88bcd57

PODFILE CHECKSUM: 5f9443947a9ef170e22c68e24e39bfda730572c3

COCOAPODS: 1.0.0
